<Solution>
  <Folder Name="/src/">
    <Project Path="src/EpubFabric.App/EpubFabric.App.csproj" />
    <Project Path="src/EpubFabric.Cli/EpubFabric.Cli.csproj" />
    <Project Path="src/EpubFabric.Core/EpubFabric.Core.csproj" />
    <Project Path="src/EpubFabric.Document/EpubFabric.Document.csproj" />
    <Project Path="src/EpubFabric.Epub/EpubFabric.Epub.csproj" />
    <Project Path="src/EpubFabric.Imaging/EpubFabric.Imaging.csproj" />
    <Project Path="src/EpubFabric.Layout/EpubFabric.Layout.csproj" />
    <Project Path="src/EpubFabric.Ocr/EpubFabric.Ocr.csproj" />
    <Project Path="src/EpubFabric.Ollama/EpubFabric.Ollama.csproj" />
    <Project Path="src/EpubFabric.Pdf/EpubFabric.Pdf.csproj" />
    <Project Path="src/EpubFabric.Persistence/EpubFabric.Persistence.csproj" />
  </Folder>
  <Folder Name="/tests/">
    <Project Path="tests/EpubFabric.Tests/EpubFabric.Tests.csproj" />
  </Folder>
</Solution>
